
Microsoft Visual Studio Solution File, Format Version 12.00
Project("{FAE04EC0-301F-11D3-BF4B-00C04F79EFBC}") = "shared_lib", "shared_lib.csproj", "{D87CF6DC-9B4A-42BF-BA46-46E00C4A54D9}"
EndProject
Global
	GlobalSection(SolutionConfigurationPlatforms) = preSolution
		Debug|Any CPU = Debug|Any CPU
		Release|Any CPU = Release|Any CPU
	EndGlobalSection
	GlobalSection(ProjectConfigurationPlatforms) = postSolution
		{D87CF6DC-9B4A-42BF-BA46-46E00C4A54D9}.Debug|Any CPU.ActiveCfg = Debug|Any CPU
		{D87CF6DC-9B4A-42BF-BA46-46E00C4A54D9}.Debug|Any CPU.Build.0 = Debug|Any CPU
		{D87CF6DC-9B4A-42BF-BA46-46E00C4A54D9}.Release|Any CPU.ActiveCfg = Release|Any CPU
		{D87CF6DC-9B4A-42BF-BA46-46E00C4A54D9}.Release|Any CPU.Build.0 = Release|Any CPU
	EndGlobalSection
EndGlobal
